{
  "nodes": {
    "nixpkgs": {
      "locked": {
        "lastModified": 1715346633,
        "narHash": "sha256-A9vSieOHR7B41QoWZcb7fEY7r29E4Vq3liXE0h0edf0=",
        "owner": "NixOS",
        "repo": "nixpkgs",
        "rev": "d42c1c8d447a388e1f2776d22c77f5642d703da6",
        "type": "github"
      },
      "original": {
        "owner": "NixOS",
        "ref": "nixpkgs-unstable",
        "repo": "nixpkgs",
        "type": "github"
      }
    },
    "root": {
      "inputs": {
        "nixpkgs": "nixpkgs"
      }
    }
  },
  "root": "root",
  "version": 7
}
